
Microsoft Visual Studio Solution File, Format Version 12.00
# Visual Studio Version 16
VisualStudioVersion = 16.0.30717.126
MinimumVisualStudioVersion = 10.0.40219.1
Project("{FAE04EC0-301F-11D3-BF4B-00C04F79EFBC}") = "uri_1017", "uri_1017\uri_1017.csproj", "{1D2EB4F9-CEF5-40BC-80F3-E2CC9AF74893}"
EndProject
Global
	GlobalSection(SolutionConfigurationPlatforms) = preSolution
		Debug|Any CPU = Debug|Any CPU
		Release|Any CPU = Release|Any CPU
	EndGlobalSection
	GlobalSection(ProjectConfigurationPlatforms) = postSolution
		{1D2EB4F9-CEF5-40BC-80F3-E2CC9AF74893}.Debug|Any CPU.ActiveCfg = Debug|Any CPU
		{1D2EB4F9-CEF5-40BC-80F3-E2CC9AF74893}.Debug|Any CPU.Build.0 = Debug|Any CPU
		{1D2EB4F9-CEF5-40BC-80F3-E2CC9AF74893}.Release|Any CPU.ActiveCfg = Release|Any CPU
		{1D2EB4F9-CEF5-40BC-80F3-E2CC9AF74893}.Release|Any CPU.Build.0 = Release|Any CPU
	EndGlobalSection
	GlobalSection(SolutionProperties) = preSolution
		HideSolutionNode = FALSE
	EndGlobalSection
	GlobalSection(ExtensibilityGlobals) = postSolution
		SolutionGuid = {DDCAFCBC-5E7B-49FD-894C-4246EEB37968}
	EndGlobalSection
EndGlobal
