
Microsoft Visual Studio Solution File, Format Version 12.00
# Visual Studio Version 16
VisualStudioVersion = 16.0.30804.86
MinimumVisualStudioVersion = 10.0.40219.1
Project("{FAE04EC0-301F-11D3-BF4B-00C04F79EFBC}") = "uri_1042", "uri_1042\uri_1042.csproj", "{A88BB653-6CE4-4601-B835-E257531314CE}"
EndProject
Global
	GlobalSection(SolutionConfigurationPlatforms) = preSolution
		Debug|Any CPU = Debug|Any CPU
		Release|Any CPU = Release|Any CPU
	EndGlobalSection
	GlobalSection(ProjectConfigurationPlatforms) = postSolution
		{A88BB653-6CE4-4601-B835-E257531314CE}.Debug|Any CPU.ActiveCfg = Debug|Any CPU
		{A88BB653-6CE4-4601-B835-E257531314CE}.Debug|Any CPU.Build.0 = Debug|Any CPU
		{A88BB653-6CE4-4601-B835-E257531314CE}.Release|Any CPU.ActiveCfg = Release|Any CPU
		{A88BB653-6CE4-4601-B835-E257531314CE}.Release|Any CPU.Build.0 = Release|Any CPU
	EndGlobalSection
	GlobalSection(SolutionProperties) = preSolution
		HideSolutionNode = FALSE
	EndGlobalSection
	GlobalSection(ExtensibilityGlobals) = postSolution
		SolutionGuid = {35A31536-1BAC-4332-A790-59D9B48B6482}
	EndGlobalSection
EndGlobal
