
Microsoft Visual Studio Solution File, Format Version 12.00
# Visual Studio Version 16
VisualStudioVersion = 16.0.30717.126
MinimumVisualStudioVersion = 10.0.40219.1
Project("{FAE04EC0-301F-11D3-BF4B-00C04F79EFBC}") = "uri_1012", "uri_1012\uri_1012.csproj", "{0203BA77-D088-4D96-AF14-8A4114FCFC94}"
EndProject
Global
	GlobalSection(SolutionConfigurationPlatforms) = preSolution
		Debug|Any CPU = Debug|Any CPU
		Release|Any CPU = Release|Any CPU
	EndGlobalSection
	GlobalSection(ProjectConfigurationPlatforms) = postSolution
		{0203BA77-D088-4D96-AF14-8A4114FCFC94}.Debug|Any CPU.ActiveCfg = Debug|Any CPU
		{0203BA77-D088-4D96-AF14-8A4114FCFC94}.Debug|Any CPU.Build.0 = Debug|Any CPU
		{0203BA77-D088-4D96-AF14-8A4114FCFC94}.Release|Any CPU.ActiveCfg = Release|Any CPU
		{0203BA77-D088-4D96-AF14-8A4114FCFC94}.Release|Any CPU.Build.0 = Release|Any CPU
	EndGlobalSection
	GlobalSection(SolutionProperties) = preSolution
		HideSolutionNode = FALSE
	EndGlobalSection
	GlobalSection(ExtensibilityGlobals) = postSolution
		SolutionGuid = {E926ACCF-270A-488E-803D-7B7A34C686D7}
	EndGlobalSection
EndGlobal
