
Microsoft Visual Studio Solution File, Format Version 12.00
# Visual Studio Version 16
VisualStudioVersion = 16.0.30717.126
MinimumVisualStudioVersion = 10.0.40219.1
Project("{FAE04EC0-301F-11D3-BF4B-00C04F79EFBC}") = "uri_1010", "uri_1010\uri_1010.csproj", "{C6B845CD-1A84-4EAE-A4C7-AFF0CDBCBC4C}"
EndProject
Global
	GlobalSection(SolutionConfigurationPlatforms) = preSolution
		Debug|Any CPU = Debug|Any CPU
		Release|Any CPU = Release|Any CPU
	EndGlobalSection
	GlobalSection(ProjectConfigurationPlatforms) = postSolution
		{C6B845CD-1A84-4EAE-A4C7-AFF0CDBCBC4C}.Debug|Any CPU.ActiveCfg = Debug|Any CPU
		{C6B845CD-1A84-4EAE-A4C7-AFF0CDBCBC4C}.Debug|Any CPU.Build.0 = Debug|Any CPU
		{C6B845CD-1A84-4EAE-A4C7-AFF0CDBCBC4C}.Release|Any CPU.ActiveCfg = Release|Any CPU
		{C6B845CD-1A84-4EAE-A4C7-AFF0CDBCBC4C}.Release|Any CPU.Build.0 = Release|Any CPU
	EndGlobalSection
	GlobalSection(SolutionProperties) = preSolution
		HideSolutionNode = FALSE
	EndGlobalSection
	GlobalSection(ExtensibilityGlobals) = postSolution
		SolutionGuid = {6AC5B984-EBBC-4BB8-A2CC-5C8FEAAFBE85}
	EndGlobalSection
EndGlobal
