
Microsoft Visual Studio Solution File, Format Version 12.00
# Visual Studio Version 16
VisualStudioVersion = 16.0.30804.86
MinimumVisualStudioVersion = 10.0.40219.1
Project("{FAE04EC0-301F-11D3-BF4B-00C04F79EFBC}") = "uri_1043", "uri_1043\uri_1043.csproj", "{BEACD332-7688-4581-8A99-0E8A6198DEA6}"
EndProject
Global
	GlobalSection(SolutionConfigurationPlatforms) = preSolution
		Debug|Any CPU = Debug|Any CPU
		Release|Any CPU = Release|Any CPU
	EndGlobalSection
	GlobalSection(ProjectConfigurationPlatforms) = postSolution
		{BEACD332-7688-4581-8A99-0E8A6198DEA6}.Debug|Any CPU.ActiveCfg = Debug|Any CPU
		{BEACD332-7688-4581-8A99-0E8A6198DEA6}.Debug|Any CPU.Build.0 = Debug|Any CPU
		{BEACD332-7688-4581-8A99-0E8A6198DEA6}.Release|Any CPU.ActiveCfg = Release|Any CPU
		{BEACD332-7688-4581-8A99-0E8A6198DEA6}.Release|Any CPU.Build.0 = Release|Any CPU
	EndGlobalSection
	GlobalSection(SolutionProperties) = preSolution
		HideSolutionNode = FALSE
	EndGlobalSection
	GlobalSection(ExtensibilityGlobals) = postSolution
		SolutionGuid = {0E3EA285-BC49-4B69-B6ED-437CC057F75F}
	EndGlobalSection
EndGlobal
