
Microsoft Visual Studio Solution File, Format Version 12.00
# Visual Studio Version 16
VisualStudioVersion = 16.0.30804.86
MinimumVisualStudioVersion = 10.0.40219.1
Project("{FAE04EC0-301F-11D3-BF4B-00C04F79EFBC}") = "uri_1041", "uri_1041\uri_1041.csproj", "{9EDF0BA4-350D-44FF-A2D0-3A778CAC7A75}"
EndProject
Global
	GlobalSection(SolutionConfigurationPlatforms) = preSolution
		Debug|Any CPU = Debug|Any CPU
		Release|Any CPU = Release|Any CPU
	EndGlobalSection
	GlobalSection(ProjectConfigurationPlatforms) = postSolution
		{9EDF0BA4-350D-44FF-A2D0-3A778CAC7A75}.Debug|Any CPU.ActiveCfg = Debug|Any CPU
		{9EDF0BA4-350D-44FF-A2D0-3A778CAC7A75}.Debug|Any CPU.Build.0 = Debug|Any CPU
		{9EDF0BA4-350D-44FF-A2D0-3A778CAC7A75}.Release|Any CPU.ActiveCfg = Release|Any CPU
		{9EDF0BA4-350D-44FF-A2D0-3A778CAC7A75}.Release|Any CPU.Build.0 = Release|Any CPU
	EndGlobalSection
	GlobalSection(SolutionProperties) = preSolution
		HideSolutionNode = FALSE
	EndGlobalSection
	GlobalSection(ExtensibilityGlobals) = postSolution
		SolutionGuid = {A3B33A11-495B-4CB5-A5CC-0BCC2CD6DE92}
	EndGlobalSection
EndGlobal
