
Microsoft Visual Studio Solution File, Format Version 12.00
# Visual Studio Version 16
VisualStudioVersion = 16.0.30717.126
MinimumVisualStudioVersion = 10.0.40219.1
Project("{FAE04EC0-301F-11D3-BF4B-00C04F79EFBC}") = "uri_1019", "uri_1019\uri_1019.csproj", "{8CC717B2-E797-4431-83BD-8C437C0F965C}"
EndProject
Global
	GlobalSection(SolutionConfigurationPlatforms) = preSolution
		Debug|Any CPU = Debug|Any CPU
		Release|Any CPU = Release|Any CPU
	EndGlobalSection
	GlobalSection(ProjectConfigurationPlatforms) = postSolution
		{8CC717B2-E797-4431-83BD-8C437C0F965C}.Debug|Any CPU.ActiveCfg = Debug|Any CPU
		{8CC717B2-E797-4431-83BD-8C437C0F965C}.Debug|Any CPU.Build.0 = Debug|Any CPU
		{8CC717B2-E797-4431-83BD-8C437C0F965C}.Release|Any CPU.ActiveCfg = Release|Any CPU
		{8CC717B2-E797-4431-83BD-8C437C0F965C}.Release|Any CPU.Build.0 = Release|Any CPU
	EndGlobalSection
	GlobalSection(SolutionProperties) = preSolution
		HideSolutionNode = FALSE
	EndGlobalSection
	GlobalSection(ExtensibilityGlobals) = postSolution
		SolutionGuid = {54B2B299-0598-41E5-8852-26001EBC4E37}
	EndGlobalSection
EndGlobal
