
Microsoft Visual Studio Solution File, Format Version 12.00
# Visual Studio Version 16
VisualStudioVersion = 16.0.30804.86
MinimumVisualStudioVersion = 10.0.40219.1
Project("{FAE04EC0-301F-11D3-BF4B-00C04F79EFBC}") = "uri_1052", "uri_1052\uri_1052.csproj", "{41483BFF-4742-43C1-8783-F24A93042D33}"
EndProject
Global
	GlobalSection(SolutionConfigurationPlatforms) = preSolution
		Debug|Any CPU = Debug|Any CPU
		Release|Any CPU = Release|Any CPU
	EndGlobalSection
	GlobalSection(ProjectConfigurationPlatforms) = postSolution
		{41483BFF-4742-43C1-8783-F24A93042D33}.Debug|Any CPU.ActiveCfg = Debug|Any CPU
		{41483BFF-4742-43C1-8783-F24A93042D33}.Debug|Any CPU.Build.0 = Debug|Any CPU
		{41483BFF-4742-43C1-8783-F24A93042D33}.Release|Any CPU.ActiveCfg = Release|Any CPU
		{41483BFF-4742-43C1-8783-F24A93042D33}.Release|Any CPU.Build.0 = Release|Any CPU
	EndGlobalSection
	GlobalSection(SolutionProperties) = preSolution
		HideSolutionNode = FALSE
	EndGlobalSection
	GlobalSection(ExtensibilityGlobals) = postSolution
		SolutionGuid = {E87199A4-4CF3-43B9-B800-D5160348BEEA}
	EndGlobalSection
EndGlobal
